
Microsoft Visual Studio Solution File, Format Version 12.00
# Visual Studio Version 16
VisualStudioVersion = 16.0.29926.136
MinimumVisualStudioVersion = 10.0.40219.1
Project("{FAE04EC0-301F-11D3-BF4B-00C04F79EFBC}") = "ExamView", "ExamView\ExamView.csproj", "{C6BC094D-3B0A-4736-9A8A-03941935ECA2}"
EndProject
Project("{FAE04EC0-301F-11D3-BF4B-00C04F79EFBC}") = "ExamBusinessLogic", "ExamBusinessLogic\ExamBusinessLogic.csproj", "{0F754C70-B0D3-4B22-9C9C-94593310B98E}"
EndProject
Project("{FAE04EC0-301F-11D3-BF4B-00C04F79EFBC}") = "ExamDatabaseImplement", "ExamDatabaseImplement\ExamDatabaseImplement.csproj", "{BCBCB4E0-016F-459A-984A-CA4BBD8068F1}"
EndProject
Global
	GlobalSection(SolutionConfigurationPlatforms) = preSolution
		Debug|Any CPU = Debug|Any CPU
		Release|Any CPU = Release|Any CPU
	EndGlobalSection
	GlobalSection(ProjectConfigurationPlatforms) = postSolution
		{C6BC094D-3B0A-4736-9A8A-03941935ECA2}.Debug|Any CPU.ActiveCfg = Debug|Any CPU
		{C6BC094D-3B0A-4736-9A8A-03941935ECA2}.Debug|Any CPU.Build.0 = Debug|Any CPU
		{C6BC094D-3B0A-4736-9A8A-03941935ECA2}.Release|Any CPU.ActiveCfg = Release|Any CPU
		{C6BC094D-3B0A-4736-9A8A-03941935ECA2}.Release|Any CPU.Build.0 = Release|Any CPU
		{0F754C70-B0D3-4B22-9C9C-94593310B98E}.Debug|Any CPU.ActiveCfg = Debug|Any CPU
		{0F754C70-B0D3-4B22-9C9C-94593310B98E}.Debug|Any CPU.Build.0 = Debug|Any CPU
		{0F754C70-B0D3-4B22-9C9C-94593310B98E}.Release|Any CPU.ActiveCfg = Release|Any CPU
		{0F754C70-B0D3-4B22-9C9C-94593310B98E}.Release|Any CPU.Build.0 = Release|Any CPU
		{BCBCB4E0-016F-459A-984A-CA4BBD8068F1}.Debug|Any CPU.ActiveCfg = Debug|Any CPU
		{BCBCB4E0-016F-459A-984A-CA4BBD8068F1}.Debug|Any CPU.Build.0 = Debug|Any CPU
		{BCBCB4E0-016F-459A-984A-CA4BBD8068F1}.Release|Any CPU.ActiveCfg = Release|Any CPU
		{BCBCB4E0-016F-459A-984A-CA4BBD8068F1}.Release|Any CPU.Build.0 = Release|Any CPU
	EndGlobalSection
	GlobalSection(SolutionProperties) = preSolution
		HideSolutionNode = FALSE
	EndGlobalSection
	GlobalSection(ExtensibilityGlobals) = postSolution
		SolutionGuid = {6B18BC96-26C5-4E1D-BD34-D4F008BEF8E0}
	EndGlobalSection
EndGlobal
